
Microsoft Visual Studio Solution File, Format Version 12.00
# Visual Studio 2013
VisualStudioVersion = 12.0.30723.0
MinimumVisualStudioVersion = 10.0.40219.1
Project("{FAE04EC0-301F-11D3-BF4B-00C04F79EFBC}") = "OurStore", "OurStore\OurStore.csproj", "{9CA58182-AE62-473C-9E6A-0877E2FFDB48}"
EndProject
Project("{FAE04EC0-301F-11D3-BF4B-00C04F79EFBC}") = "DAL", "DAL\DAL.csproj", "{CA86B98B-7EDE-4264-9226-211E14F3B453}"
EndProject
Project("{FAE04EC0-301F-11D3-BF4B-00C04F79EFBC}") = "BLL", "BLL\BLL.csproj", "{DFDEE44B-3DCC-4904-ADFF-52A4E87E92C7}"
EndProject
Project("{FAE04EC0-301F-11D3-BF4B-00C04F79EFBC}") = "Model", "Model\Model.csproj", "{326534F2-873C-4948-AF8A-89210D818410}"
EndProject
Project("{FAE04EC0-301F-11D3-BF4B-00C04F79EFBC}") = "UnitTest", "UnitTest\UnitTest.csproj", "{22B49890-CC19-47FC-AC37-F3E34822521A}"
EndProject
Global
	GlobalSection(SolutionConfigurationPlatforms) = preSolution
		Debug|Any CPU = Debug|Any CPU
		Release|Any CPU = Release|Any CPU
	EndGlobalSection
	GlobalSection(ProjectConfigurationPlatforms) = postSolution
		{9CA58182-AE62-473C-9E6A-0877E2FFDB48}.Debug|Any CPU.ActiveCfg = Debug|Any CPU
		{9CA58182-AE62-473C-9E6A-0877E2FFDB48}.Debug|Any CPU.Build.0 = Debug|Any CPU
		{9CA58182-AE62-473C-9E6A-0877E2FFDB48}.Release|Any CPU.ActiveCfg = Release|Any CPU
		{9CA58182-AE62-473C-9E6A-0877E2FFDB48}.Release|Any CPU.Build.0 = Release|Any CPU
		{CA86B98B-7EDE-4264-9226-211E14F3B453}.Debug|Any CPU.ActiveCfg = Debug|Any CPU
		{CA86B98B-7EDE-4264-9226-211E14F3B453}.Debug|Any CPU.Build.0 = Debug|Any CPU
		{CA86B98B-7EDE-4264-9226-211E14F3B453}.Release|Any CPU.ActiveCfg = Release|Any CPU
		{CA86B98B-7EDE-4264-9226-211E14F3B453}.Release|Any CPU.Build.0 = Release|Any CPU
		{DFDEE44B-3DCC-4904-ADFF-52A4E87E92C7}.Debug|Any CPU.ActiveCfg = Debug|Any CPU
		{DFDEE44B-3DCC-4904-ADFF-52A4E87E92C7}.Debug|Any CPU.Build.0 = Debug|Any CPU
		{DFDEE44B-3DCC-4904-ADFF-52A4E87E92C7}.Release|Any CPU.ActiveCfg = Release|Any CPU
		{DFDEE44B-3DCC-4904-ADFF-52A4E87E92C7}.Release|Any CPU.Build.0 = Release|Any CPU
		{326534F2-873C-4948-AF8A-89210D818410}.Debug|Any CPU.ActiveCfg = Debug|Any CPU
		{326534F2-873C-4948-AF8A-89210D818410}.Debug|Any CPU.Build.0 = Debug|Any CPU
		{326534F2-873C-4948-AF8A-89210D818410}.Release|Any CPU.ActiveCfg = Release|Any CPU
		{326534F2-873C-4948-AF8A-89210D818410}.Release|Any CPU.Build.0 = Release|Any CPU
		{22B49890-CC19-47FC-AC37-F3E34822521A}.Debug|Any CPU.ActiveCfg = Debug|Any CPU
		{22B49890-CC19-47FC-AC37-F3E34822521A}.Debug|Any CPU.Build.0 = Debug|Any CPU
		{22B49890-CC19-47FC-AC37-F3E34822521A}.Release|Any CPU.ActiveCfg = Release|Any CPU
		{22B49890-CC19-47FC-AC37-F3E34822521A}.Release|Any CPU.Build.0 = Release|Any CPU
	EndGlobalSection
	GlobalSection(SolutionProperties) = preSolution
		HideSolutionNode = FALSE
	EndGlobalSection
EndGlobal
